// !$*UTF8*$!
{
	archiveVersion = 1;
	classes = {
	};
	objectVersion = 46;
	objects = {

/* Begin PBXBuildFile section */
		02A12550560DD9138B8DDA9E /* Pods_WebDeck2017.framework in Frameworks */ = {isa = PBXBuildFile; fileRef = 7B1B2292D92951D2B475E674 /* Pods_WebDeck2017.framework */; };
		28855BD8057CE258AC0D32F1 /* Pods_WebDeck2017Tests.framework in Frameworks */ = {isa = PBXBuildFile; fileRef = 84C33CEA1232CDA0D863A910 /* Pods_WebDeck2017Tests.framework */; };
		C83C22B6C3653CF790AF0660 /* Pods_WebDeck2017UITests.framework in Frameworks */ = {isa = PBXBuildFile; fileRef = 7EA9B2EC427B1753136FDC0F /* Pods_WebDeck2017UITests.framework */; };
		FC304DFE1E70691C00D624DD /* AppDelegate.swift in Sources */ = {isa = PBXBuildFile; fileRef = FC304DFD1E70691C00D624DD /* AppDelegate.swift */; };
		FC304E031E70691C00D624DD /* Main.storyboard in Resources */ = {isa = PBXBuildFile; fileRef = FC304E011E70691C00D624DD /* Main.storyboard */; };
		FC304E051E70691C00D624DD /* Assets.xcassets in Resources */ = {isa = PBXBuildFile; fileRef = FC304E041E70691C00D624DD /* Assets.xcassets */; };
		FC304E131E70691D00D624DD /* WebDeck2017Tests.swift in Sources */ = {isa = PBXBuildFile; fileRef = FC304E121E70691D00D624DD /* WebDeck2017Tests.swift */; };
		FC304E1E1E70691D00D624DD /* WebDeck2017UITests.swift in Sources */ = {isa = PBXBuildFile; fileRef = FC304E1D1E70691D00D624DD /* WebDeck2017UITests.swift */; };
		FC3765641E73D7020097B782 /* Bolts.framework in Frameworks */ = {isa = PBXBuildFile; fileRef = FC3765611E73D7020097B782 /* Bolts.framework */; };
		FC3765651E73D7020097B782 /* Parse.framework in Frameworks */ = {isa = PBXBuildFile; fileRef = FC3765621E73D7020097B782 /* Parse.framework */; };
		FC3765661E73D7020097B782 /* ParseUI.framework in Frameworks */ = {isa = PBXBuildFile; fileRef = FC3765631E73D7020097B782 /* ParseUI.framework */; };
		FC7BD7DA1E71BC1D000F33A6 /* LaunchScreen.storyboard in Resources */ = {isa = PBXBuildFile; fileRef = FC7BD7D91E71BC1D000F33A6 /* LaunchScreen.storyboard */; };
		FCE656E61E75196800DE9D85 /* HomepageViewController.swift in Sources */ = {isa = PBXBuildFile; fileRef = FCE656E51E75196800DE9D85 /* HomepageViewController.swift */; };
		FCE656EA1E75220E00DE9D85 /* ContinueSignupViewController.swift in Sources */ = {isa = PBXBuildFile; fileRef = FCE656E71E75220E00DE9D85 /* ContinueSignupViewController.swift */; };
		FCE656EB1E75220E00DE9D85 /* SignInViewController.swift in Sources */ = {isa = PBXBuildFile; fileRef = FCE656E81E75220E00DE9D85 /* SignInViewController.swift */; };
		FCE656EC1E75220E00DE9D85 /* SignUpViewController.swift in Sources */ = {isa = PBXBuildFile; fileRef = FCE656E91E75220E00DE9D85 /* SignUpViewController.swift */; };
		FCE656EF1E75221F00DE9D85 /* WDIcon-Large.png in Resources */ = {isa = PBXBuildFile; fileRef = FCE656ED1E75221F00DE9D85 /* WDIcon-Large.png */; };
		FCE656F01E75221F00DE9D85 /* WDSlogan-Large.png in Resources */ = {isa = PBXBuildFile; fileRef = FCE656EE1E75221F00DE9D85 /* WDSlogan-Large.png */; };
		FCE656F91E75238900DE9D85 /* WeissenhofGrotesk-Bold.otf in Resources */ = {isa = PBXBuildFile; fileRef = FCE656F11E75222C00DE9D85 /* WeissenhofGrotesk-Bold.otf */; };
		FCE656FA1E75238900DE9D85 /* WeissenhofGrotesk-BoldItalic.otf in Resources */ = {isa = PBXBuildFile; fileRef = FCE656F21E75222C00DE9D85 /* WeissenhofGrotesk-BoldItalic.otf */; };
		FCE656FB1E75238900DE9D85 /* WeissenhofGrotesk-Light.otf in Resources */ = {isa = PBXBuildFile; fileRef = FCE656F31E75222C00DE9D85 /* WeissenhofGrotesk-Light.otf */; };
		FCE656FC1E75238900DE9D85 /* WeissenhofGrotesk-LightItalic.otf in Resources */ = {isa = PBXBuildFile; fileRef = FCE656F41E75222C00DE9D85 /* WeissenhofGrotesk-LightItalic.otf */; };
		FCE656FD1E75238900DE9D85 /* WeissenhofGrotesk-Medium.otf in Resources */ = {isa = PBXBuildFile; fileRef = FCE656F51E75222C00DE9D85 /* WeissenhofGrotesk-Medium.otf */; };
		FCE656FE1E75238900DE9D85 /* WeissenhofGrotesk-MediumItalic.otf in Resources */ = {isa = PBXBuildFile; fileRef = FCE656F61E75222C00DE9D85 /* WeissenhofGrotesk-MediumItalic.otf */; };
		FCE656FF1E75238900DE9D85 /* WeissenhofGrotesk-Regular.otf in Resources */ = {isa = PBXBuildFile; fileRef = FCE656F71E75222C00DE9D85 /* WeissenhofGrotesk-Regular.otf */; };
		FCE657001E75238900DE9D85 /* WeissenhofGrotesk-RegularItalic.otf in Resources */ = {isa = PBXBuildFile; fileRef = FCE656F81E75222C00DE9D85 /* WeissenhofGrotesk-RegularItalic.otf */; };
		FCE657011E75239400DE9D85 /* ContinueSignupViewController.swift in Resources */ = {isa = PBXBuildFile; fileRef = FCE656E71E75220E00DE9D85 /* ContinueSignupViewController.swift */; };
		FCE657021E75239400DE9D85 /* SignInViewController.swift in Resources */ = {isa = PBXBuildFile; fileRef = FCE656E81E75220E00DE9D85 /* SignInViewController.swift */; };
		FCE657031E75239400DE9D85 /* SignUpViewController.swift in Resources */ = {isa = PBXBuildFile; fileRef = FCE656E91E75220E00DE9D85 /* SignUpViewController.swift */; };
		FCE657041E75239400DE9D85 /* HomepageViewController.swift in Resources */ = {isa = PBXBuildFile; fileRef = FCE656E51E75196800DE9D85 /* HomepageViewController.swift */; };
		FCE657071E75251E00DE9D85 /* EventKit.framework in Frameworks */ = {isa = PBXBuildFile; fileRef = FCE657051E75251E00DE9D85 /* EventKit.framework */; };
		FCE657081E75251E00DE9D85 /* EventKitUI.framework in Frameworks */ = {isa = PBXBuildFile; fileRef = FCE657061E75251E00DE9D85 /* EventKitUI.framework */; };
/* End PBXBuildFile section */

/* Begin PBXContainerItemProxy section */
		FC304E0F1E70691D00D624DD /* PBXContainerItemProxy */ = {
			isa = PBXContainerItemProxy;
			containerPortal = FC304DF21E70691B00D624DD /* Project object */;
			proxyType = 1;
			remoteGlobalIDString = FC304DF91E70691B00D624DD;
			remoteInfo = WebDeck2017;
		};
		FC304E1A1E70691D00D624DD /* PBXContainerItemProxy */ = {
			isa = PBXContainerItemProxy;
			containerPortal = FC304DF21E70691B00D624DD /* Project object */;
			proxyType = 1;
			remoteGlobalIDString = FC304DF91E70691B00D624DD;
			remoteInfo = WebDeck2017;
		};
/* End PBXContainerItemProxy section */

/* Begin PBXCopyFilesBuildPhase section */
		FC3765601E73D6630097B782 /* Embed App Extensions */ = {
			isa = PBXCopyFilesBuildPhase;
			buildActionMask = 2147483647;
			dstPath = "";
			dstSubfolderSpec = 13;
			files = (
			);
			name = "Embed App Extensions";
			runOnlyForDeploymentPostprocessing = 0;
		};
/* End PBXCopyFilesBuildPhase section */

/* Begin PBXFileReference section */
		623597E741861E97A0B47A9A /* Pods-WebDeck2017.release.xcconfig */ = {isa = PBXFileReference; includeInIndex = 1; lastKnownFileType = text.xcconfig; name = "Pods-WebDeck2017.release.xcconfig"; path = "Pods/Target Support Files/Pods-WebDeck2017/Pods-WebDeck2017.release.xcconfig"; sourceTree = "<group>"; };
		6DAFD1330C1817C6C0D20FB0 /* Pods-WebDeck2017Tests.debug.xcconfig */ = {isa = PBXFileReference; includeInIndex = 1; lastKnownFileType = text.xcconfig; name = "Pods-WebDeck2017Tests.debug.xcconfig"; path = "Pods/Target Support Files/Pods-WebDeck2017Tests/Pods-WebDeck2017Tests.debug.xcconfig"; sourceTree = "<group>"; };
		7B1B2292D92951D2B475E674 /* Pods_WebDeck2017.framework */ = {isa = PBXFileReference; explicitFileType = wrapper.framework; includeInIndex = 0; path = Pods_WebDeck2017.framework; sourceTree = BUILT_PRODUCTS_DIR; };
		7EA9B2EC427B1753136FDC0F /* Pods_WebDeck2017UITests.framework */ = {isa = PBXFileReference; explicitFileType = wrapper.framework; includeInIndex = 0; path = Pods_WebDeck2017UITests.framework; sourceTree = BUILT_PRODUCTS_DIR; };
		84C33CEA1232CDA0D863A910 /* Pods_WebDeck2017Tests.framework */ = {isa = PBXFileReference; explicitFileType = wrapper.framework; includeInIndex = 0; path = Pods_WebDeck2017Tests.framework; sourceTree = BUILT_PRODUCTS_DIR; };
		90DDBA0B5E39310E9CAE4D4E /* Pods-WebDeck2017UITests.debug.xcconfig */ = {isa = PBXFileReference; includeInIndex = 1; lastKnownFileType = text.xcconfig; name = "Pods-WebDeck2017UITests.debug.xcconfig"; path = "Pods/Target Support Files/Pods-WebDeck2017UITests/Pods-WebDeck2017UITests.debug.xcconfig"; sourceTree = "<group>"; };
		A178E76B6B2B9BCA56E83719 /* Pods-WebDeck2017.debug.xcconfig */ = {isa = PBXFileReference; includeInIndex = 1; lastKnownFileType = text.xcconfig; name = "Pods-WebDeck2017.debug.xcconfig"; path = "Pods/Target Support Files/Pods-WebDeck2017/Pods-WebDeck2017.debug.xcconfig"; sourceTree = "<group>"; };
		BFBDA9EE32FA85926D140EB7 /* Pods-WebDeck2017UITests.release.xcconfig */ = {isa = PBXFileReference; includeInIndex = 1; lastKnownFileType = text.xcconfig; name = "Pods-WebDeck2017UITests.release.xcconfig"; path = "Pods/Target Support Files/Pods-WebDeck2017UITests/Pods-WebDeck2017UITests.release.xcconfig"; sourceTree = "<group>"; };
		FC304DFA1E70691C00D624DD /* WebDeck2017.app */ = {isa = PBXFileReference; explicitFileType = wrapper.application; includeInIndex = 0; path = WebDeck2017.app; sourceTree = BUILT_PRODUCTS_DIR; };
		FC304DFD1E70691C00D624DD /* AppDelegate.swift */ = {isa = PBXFileReference; lastKnownFileType = sourcecode.swift; path = AppDelegate.swift; sourceTree = "<group>"; };
		FC304E021E70691C00D624DD /* Base */ = {isa = PBXFileReference; lastKnownFileType = file.storyboard; name = Base; path = Base.lproj/Main.storyboard; sourceTree = "<group>"; };
		FC304E041E70691C00D624DD /* Assets.xcassets */ = {isa = PBXFileReference; lastKnownFileType = folder.assetcatalog; path = Assets.xcassets; sourceTree = "<group>"; };
		FC304E091E70691C00D624DD /* Info.plist */ = {isa = PBXFileReference; lastKnownFileType = text.plist.xml; path = Info.plist; sourceTree = "<group>"; };
		FC304E0E1E70691D00D624DD /* WebDeck2017Tests.xctest */ = {isa = PBXFileReference; explicitFileType = wrapper.cfbundle; includeInIndex = 0; path = WebDeck2017Tests.xctest; sourceTree = BUILT_PRODUCTS_DIR; };
		FC304E121E70691D00D624DD /* WebDeck2017Tests.swift */ = {isa = PBXFileReference; lastKnownFileType = sourcecode.swift; path = WebDeck2017Tests.swift; sourceTree = "<group>"; };
		FC304E141E70691D00D624DD /* Info.plist */ = {isa = PBXFileReference; lastKnownFileType = text.plist.xml; path = Info.plist; sourceTree = "<group>"; };
		FC304E191E70691D00D624DD /* WebDeck2017UITests.xctest */ = {isa = PBXFileReference; explicitFileType = wrapper.cfbundle; includeInIndex = 0; path = WebDeck2017UITests.xctest; sourceTree = BUILT_PRODUCTS_DIR; };
		FC304E1D1E70691D00D624DD /* WebDeck2017UITests.swift */ = {isa = PBXFileReference; lastKnownFileType = sourcecode.swift; path = WebDeck2017UITests.swift; sourceTree = "<group>"; };
		FC304E1F1E70691D00D624DD /* Info.plist */ = {isa = PBXFileReference; lastKnownFileType = text.plist.xml; path = Info.plist; sourceTree = "<group>"; };
		FC3765511E73D6630097B782 /* NotificationCenter.framework */ = {isa = PBXFileReference; lastKnownFileType = wrapper.framework; name = NotificationCenter.framework; path = System/Library/Frameworks/NotificationCenter.framework; sourceTree = SDKROOT; };
		FC3765611E73D7020097B782 /* Bolts.framework */ = {isa = PBXFileReference; lastKnownFileType = wrapper.framework; name = Bolts.framework; path = "../../../../Library/Developer/Xcode/DerivedData/WebDeck2017-cnfgalhkffsupbauupcqglqjyozc/Build/Products/Debug-iphonesimulator/Bolts/Bolts.framework"; sourceTree = "<group>"; };
		FC3765621E73D7020097B782 /* Parse.framework */ = {isa = PBXFileReference; lastKnownFileType = wrapper.framework; name = Parse.framework; path = "../../../../Library/Developer/Xcode/DerivedData/WebDeck2017-cnfgalhkffsupbauupcqglqjyozc/Build/Products/Debug-iphonesimulator/Parse/Parse.framework"; sourceTree = "<group>"; };
		FC3765631E73D7020097B782 /* ParseUI.framework */ = {isa = PBXFileReference; lastKnownFileType = wrapper.framework; name = ParseUI.framework; path = "../../../../Library/Developer/Xcode/DerivedData/WebDeck2017-cnfgalhkffsupbauupcqglqjyozc/Build/Products/Debug-iphonesimulator/ParseUI/ParseUI.framework"; sourceTree = "<group>"; };
		FC7BD7D91E71BC1D000F33A6 /* LaunchScreen.storyboard */ = {isa = PBXFileReference; fileEncoding = 4; lastKnownFileType = file.storyboard; path = LaunchScreen.storyboard; sourceTree = "<group>"; };
		FC886721C5F885D6F8E9C8A4 /* Pods-WebDeck2017Tests.release.xcconfig */ = {isa = PBXFileReference; includeInIndex = 1; lastKnownFileType = text.xcconfig; name = "Pods-WebDeck2017Tests.release.xcconfig"; path = "Pods/Target Support Files/Pods-WebDeck2017Tests/Pods-WebDeck2017Tests.release.xcconfig"; sourceTree = "<group>"; };
		FCE656E51E75196800DE9D85 /* HomepageViewController.swift */ = {isa = PBXFileReference; fileEncoding = 4; lastKnownFileType = sourcecode.swift; name = HomepageViewController.swift; path = controllers/HomepageViewController.swift; sourceTree = "<group>"; };
		FCE656E71E75220E00DE9D85 /* ContinueSignupViewController.swift */ = {isa = PBXFileReference; fileEncoding = 4; lastKnownFileType = sourcecode.swift; name = ContinueSignupViewController.swift; path = controllers/ContinueSignupViewController.swift; sourceTree = "<group>"; };
		FCE656E81E75220E00DE9D85 /* SignInViewController.swift */ = {isa = PBXFileReference; fileEncoding = 4; lastKnownFileType = sourcecode.swift; name = SignInViewController.swift; path = controllers/SignInViewController.swift; sourceTree = "<group>"; };
		FCE656E91E75220E00DE9D85 /* SignUpViewController.swift */ = {isa = PBXFileReference; fileEncoding = 4; lastKnownFileType = sourcecode.swift; name = SignUpViewController.swift; path = controllers/SignUpViewController.swift; sourceTree = "<group>"; };
		FCE656ED1E75221F00DE9D85 /* WDIcon-Large.png */ = {isa = PBXFileReference; lastKnownFileType = image.png; name = "WDIcon-Large.png"; path = "public/images/WDIcon-Large.png"; sourceTree = "<group>"; };
		FCE656EE1E75221F00DE9D85 /* WDSlogan-Large.png */ = {isa = PBXFileReference; lastKnownFileType = image.png; name = "WDSlogan-Large.png"; path = "public/images/WDSlogan-Large.png"; sourceTree = "<group>"; };
		FCE656F11E75222C00DE9D85 /* WeissenhofGrotesk-Bold.otf */ = {isa = PBXFileReference; lastKnownFileType = file; name = "WeissenhofGrotesk-Bold.otf"; path = "public/fonts/WeissenhofGrotesk-Bold.otf"; sourceTree = "<group>"; };
		FCE656F21E75222C00DE9D85 /* WeissenhofGrotesk-BoldItalic.otf */ = {isa = PBXFileReference; lastKnownFileType = file; name = "WeissenhofGrotesk-BoldItalic.otf"; path = "public/fonts/WeissenhofGrotesk-BoldItalic.otf"; sourceTree = "<group>"; };
		FCE656F31E75222C00DE9D85 /* WeissenhofGrotesk-Light.otf */ = {isa = PBXFileReference; lastKnownFileType = file; name = "WeissenhofGrotesk-Light.otf"; path = "public/fonts/WeissenhofGrotesk-Light.otf"; sourceTree = "<group>"; };
		FCE656F41E75222C00DE9D85 /* WeissenhofGrotesk-LightItalic.otf */ = {isa = PBXFileReference; lastKnownFileType = file; name = "WeissenhofGrotesk-LightItalic.otf"; path = "public/fonts/WeissenhofGrotesk-LightItalic.otf"; sourceTree = "<group>"; };
		FCE656F51E75222C00DE9D85 /* WeissenhofGrotesk-Medium.otf */ = {isa = PBXFileReference; lastKnownFileType = file; name = "WeissenhofGrotesk-Medium.otf"; path = "public/fonts/WeissenhofGrotesk-Medium.otf"; sourceTree = "<group>"; };
		FCE656F61E75222C00DE9D85 /* WeissenhofGrotesk-MediumItalic.otf */ = {isa = PBXFileReference; lastKnownFileType = file; name = "WeissenhofGrotesk-MediumItalic.otf"; path = "public/fonts/WeissenhofGrotesk-MediumItalic.otf"; sourceTree = "<group>"; };
		FCE656F71E75222C00DE9D85 /* WeissenhofGrotesk-Regular.otf */ = {isa = PBXFileReference; lastKnownFileType = file; name = "WeissenhofGrotesk-Regular.otf"; path = "public/fonts/WeissenhofGrotesk-Regular.otf"; sourceTree = "<group>"; };
		FCE656F81E75222C00DE9D85 /* WeissenhofGrotesk-RegularItalic.otf */ = {isa = PBXFileReference; lastKnownFileType = file; name = "WeissenhofGrotesk-RegularItalic.otf"; path = "public/fonts/WeissenhofGrotesk-RegularItalic.otf"; sourceTree = "<group>"; };
		FCE657051E75251E00DE9D85 /* EventKit.framework */ = {isa = PBXFileReference; lastKnownFileType = wrapper.framework; name = EventKit.framework; path = System/Library/Frameworks/EventKit.framework; sourceTree = SDKROOT; };
		FCE657061E75251E00DE9D85 /* EventKitUI.framework */ = {isa = PBXFileReference; lastKnownFileType = wrapper.framework; name = EventKitUI.framework; path = System/Library/Frameworks/EventKitUI.framework; sourceTree = SDKROOT; };
/* End PBXFileReference section */

/* Begin PBXFrameworksBuildPhase section */
		FC304DF71E70691B00D624DD /* Frameworks */ = {
			isa = PBXFrameworksBuildPhase;
			buildActionMask = 2147483647;
			files = (
				FCE657071E75251E00DE9D85 /* EventKit.framework in Frameworks */,
				FCE657081E75251E00DE9D85 /* EventKitUI.framework in Frameworks */,
				FC3765641E73D7020097B782 /* Bolts.framework in Frameworks */,
				FC3765651E73D7020097B782 /* Parse.framework in Frameworks */,
				FC3765661E73D7020097B782 /* ParseUI.framework in Frameworks */,
				02A12550560DD9138B8DDA9E /* Pods_WebDeck2017.framework in Frameworks */,
			);
			runOnlyForDeploymentPostprocessing = 0;
		};
		FC304E0B1E70691D00D624DD /* Frameworks */ = {
			isa = PBXFrameworksBuildPhase;
			buildActionMask = 2147483647;
			files = (
				28855BD8057CE258AC0D32F1 /* Pods_WebDeck2017Tests.framework in Frameworks */,
			);
			runOnlyForDeploymentPostprocessing = 0;
		};
		FC304E161E70691D00D624DD /* Frameworks */ = {
			isa = PBXFrameworksBuildPhase;
			buildActionMask = 2147483647;
			files = (
				C83C22B6C3653CF790AF0660 /* Pods_WebDeck2017UITests.framework in Frameworks */,
			);
			runOnlyForDeploymentPostprocessing = 0;
		};
/* End PBXFrameworksBuildPhase section */

/* Begin PBXGroup section */
		7B7DCAD8D2AF18BB9181C57A /* Frameworks */ = {
			isa = PBXGroup;
			children = (
				FCE657051E75251E00DE9D85 /* EventKit.framework */,
				FCE657061E75251E00DE9D85 /* EventKitUI.framework */,
				FC3765611E73D7020097B782 /* Bolts.framework */,
				FC3765621E73D7020097B782 /* Parse.framework */,
				FC3765631E73D7020097B782 /* ParseUI.framework */,
				7B1B2292D92951D2B475E674 /* Pods_WebDeck2017.framework */,
				84C33CEA1232CDA0D863A910 /* Pods_WebDeck2017Tests.framework */,
				7EA9B2EC427B1753136FDC0F /* Pods_WebDeck2017UITests.framework */,
				FC3765511E73D6630097B782 /* NotificationCenter.framework */,
			);
			name = Frameworks;
			sourceTree = "<group>";
		};
		BCFBE8A82E5885ED3C94C67C /* Pods */ = {
			isa = PBXGroup;
			children = (
				A178E76B6B2B9BCA56E83719 /* Pods-WebDeck2017.debug.xcconfig */,
				623597E741861E97A0B47A9A /* Pods-WebDeck2017.release.xcconfig */,
				6DAFD1330C1817C6C0D20FB0 /* Pods-WebDeck2017Tests.debug.xcconfig */,
				FC886721C5F885D6F8E9C8A4 /* Pods-WebDeck2017Tests.release.xcconfig */,
				90DDBA0B5E39310E9CAE4D4E /* Pods-WebDeck2017UITests.debug.xcconfig */,
				BFBDA9EE32FA85926D140EB7 /* Pods-WebDeck2017UITests.release.xcconfig */,
			);
			name = Pods;
			sourceTree = "<group>";
		};
		FC304DF11E70691B00D624DD = {
			isa = PBXGroup;
			children = (
				FC304DFC1E70691C00D624DD /* WebDeck2017 */,
				FC304E111E70691D00D624DD /* WebDeck2017Tests */,
				FC304E1C1E70691D00D624DD /* WebDeck2017UITests */,
				FC304DFB1E70691C00D624DD /* Products */,
				BCFBE8A82E5885ED3C94C67C /* Pods */,
				7B7DCAD8D2AF18BB9181C57A /* Frameworks */,
			);
			sourceTree = "<group>";
		};
		FC304DFB1E70691C00D624DD /* Products */ = {
			isa = PBXGroup;
			children = (
				FC304DFA1E70691C00D624DD /* WebDeck2017.app */,
				FC304E0E1E70691D00D624DD /* WebDeck2017Tests.xctest */,
				FC304E191E70691D00D624DD /* WebDeck2017UITests.xctest */,
			);
			name = Products;
			sourceTree = "<group>";
		};
		FC304DFC1E70691C00D624DD /* WebDeck2017 */ = {
			isa = PBXGroup;
			children = (
				FC7BD7DB1E71BC9B000F33A6 /* controllers */,
				FCEE727C1E70702D00D55C48 /* public */,
				FC304DFD1E70691C00D624DD /* AppDelegate.swift */,
				FC304E011E70691C00D624DD /* Main.storyboard */,
				FC7BD7D91E71BC1D000F33A6 /* LaunchScreen.storyboard */,
				FC304E041E70691C00D624DD /* Assets.xcassets */,
				FC304E091E70691C00D624DD /* Info.plist */,
			);
			path = WebDeck2017;
			sourceTree = "<group>";
		};
		FC304E111E70691D00D624DD /* WebDeck2017Tests */ = {
			isa = PBXGroup;
			children = (
				FC304E121E70691D00D624DD /* WebDeck2017Tests.swift */,
				FC304E141E70691D00D624DD /* Info.plist */,
			);
			path = WebDeck2017Tests;
			sourceTree = "<group>";
		};
		FC304E1C1E70691D00D624DD /* WebDeck2017UITests */ = {
			isa = PBXGroup;
			children = (
				FC304E1D1E70691D00D624DD /* WebDeck2017UITests.swift */,
				FC304E1F1E70691D00D624DD /* Info.plist */,
			);
			path = WebDeck2017UITests;
			sourceTree = "<group>";
		};
		FC7BD7D51E71BB24000F33A6 /* fonts */ = {
			isa = PBXGroup;
			children = (
				FCE656F11E75222C00DE9D85 /* WeissenhofGrotesk-Bold.otf */,
				FCE656F21E75222C00DE9D85 /* WeissenhofGrotesk-BoldItalic.otf */,
				FCE656F31E75222C00DE9D85 /* WeissenhofGrotesk-Light.otf */,
				FCE656F41E75222C00DE9D85 /* WeissenhofGrotesk-LightItalic.otf */,
				FCE656F51E75222C00DE9D85 /* WeissenhofGrotesk-Medium.otf */,
				FCE656F61E75222C00DE9D85 /* WeissenhofGrotesk-MediumItalic.otf */,
				FCE656F71E75222C00DE9D85 /* WeissenhofGrotesk-Regular.otf */,
				FCE656F81E75222C00DE9D85 /* WeissenhofGrotesk-RegularItalic.otf */,
			);
			name = fonts;
			sourceTree = "<group>";
		};
		FC7BD7D61E71BB2E000F33A6 /* images */ = {
			isa = PBXGroup;
			children = (
				FCE656ED1E75221F00DE9D85 /* WDIcon-Large.png */,
				FCE656EE1E75221F00DE9D85 /* WDSlogan-Large.png */,
			);
			name = images;
			sourceTree = "<group>";
		};
		FC7BD7DB1E71BC9B000F33A6 /* controllers */ = {
			isa = PBXGroup;
			children = (
				FCE656E71E75220E00DE9D85 /* ContinueSignupViewController.swift */,
				FCE656E81E75220E00DE9D85 /* SignInViewController.swift */,
				FCE656E91E75220E00DE9D85 /* SignUpViewController.swift */,
				FCE656E51E75196800DE9D85 /* HomepageViewController.swift */,
			);
			name = controllers;
			sourceTree = "<group>";
		};
		FCEE727C1E70702D00D55C48 /* public */ = {
			isa = PBXGroup;
			children = (
				FC7BD7D61E71BB2E000F33A6 /* images */,
				FC7BD7D51E71BB24000F33A6 /* fonts */,
			);
			name = public;
			sourceTree = "<group>";
		};
/* End PBXGroup section */

/* Begin PBXNativeTarget section */
		FC304DF91E70691B00D624DD /* WebDeck2017 */ = {
			isa = PBXNativeTarget;
			buildConfigurationList = FC304E221E70691D00D624DD /* Build configuration list for PBXNativeTarget "WebDeck2017" */;
			buildPhases = (
				4E5C519FC07024F42B6A0612 /* [CP] Check Pods Manifest.lock */,
				FC304DF61E70691B00D624DD /* Sources */,
				FC304DF71E70691B00D624DD /* Frameworks */,
				FC304DF81E70691B00D624DD /* Resources */,
				494C4EDD3D07027D5A2C03C0 /* [CP] Embed Pods Frameworks */,
				AFDF557D2D7BACCEC9DF330D /* [CP] Copy Pods Resources */,
				FCE002D11E71C1FF0096D231 /* ShellScript */,
				FC3765601E73D6630097B782 /* Embed App Extensions */,
			);
			buildRules = (
			);
			dependencies = (
			);
			name = WebDeck2017;
			productName = WebDeck2017;
			productReference = FC304DFA1E70691C00D624DD /* WebDeck2017.app */;
			productType = "com.apple.product-type.application";
		};
		FC304E0D1E70691D00D624DD /* WebDeck2017Tests */ = {
			isa = PBXNativeTarget;
			buildConfigurationList = FC304E251E70691D00D624DD /* Build configuration list for PBXNativeTarget "WebDeck2017Tests" */;
			buildPhases = (
				5A4F9CC13D096DF894F50C3A /* [CP] Check Pods Manifest.lock */,
				FC304E0A1E70691D00D624DD /* Sources */,
				FC304E0B1E70691D00D624DD /* Frameworks */,
				FC304E0C1E70691D00D624DD /* Resources */,
				23FCF7268839CCBC15970E6D /* [CP] Embed Pods Frameworks */,
				805E72E3C6F56E535FCAFB77 /* [CP] Copy Pods Resources */,
			);
			buildRules = (
			);
			dependencies = (
				FC304E101E70691D00D624DD /* PBXTargetDependency */,
			);
			name = WebDeck2017Tests;
			productName = WebDeck2017Tests;
			productReference = FC304E0E1E70691D00D624DD /* WebDeck2017Tests.xctest */;
			productType = "com.apple.product-type.bundle.unit-test";
		};
		FC304E181E70691D00D624DD /* WebDeck2017UITests */ = {
			isa = PBXNativeTarget;
			buildConfigurationList = FC304E281E70691D00D624DD /* Build configuration list for PBXNativeTarget "WebDeck2017UITests" */;
			buildPhases = (
				15920B132F0BDEA8D1CEF4EB /* [CP] Check Pods Manifest.lock */,
				FC304E151E70691D00D624DD /* Sources */,
				FC304E161E70691D00D624DD /* Frameworks */,
				FC304E171E70691D00D624DD /* Resources */,
				452163324F5465FACDC890DE /* [CP] Embed Pods Frameworks */,
				E2B553F0D1A969D29895E34A /* [CP] Copy Pods Resources */,
			);
			buildRules = (
			);
			dependencies = (
				FC304E1B1E70691D00D624DD /* PBXTargetDependency */,
			);
			name = WebDeck2017UITests;
			productName = WebDeck2017UITests;
			productReference = FC304E191E70691D00D624DD /* WebDeck2017UITests.xctest */;
			productType = "com.apple.product-type.bundle.ui-testing";
		};
/* End PBXNativeTarget section */

/* Begin PBXProject section */
		FC304DF21E70691B00D624DD /* Project object */ = {
			isa = PBXProject;
			attributes = {
				LastSwiftUpdateCheck = 0820;
				LastUpgradeCheck = 0820;
				ORGANIZATIONNAME = "Dylan Steck";
				TargetAttributes = {
					FC304DF91E70691B00D624DD = {
						CreatedOnToolsVersion = 8.2.1;
						DevelopmentTeam = CG8RAYC636;
						ProvisioningStyle = Automatic;
					};
					FC304E0D1E70691D00D624DD = {
						CreatedOnToolsVersion = 8.2.1;
						DevelopmentTeam = CG8RAYC636;
						ProvisioningStyle = Automatic;
						TestTargetID = FC304DF91E70691B00D624DD;
					};
					FC304E181E70691D00D624DD = {
						CreatedOnToolsVersion = 8.2.1;
						DevelopmentTeam = CG8RAYC636;
						ProvisioningStyle = Automatic;
						TestTargetID = FC304DF91E70691B00D624DD;
					};
				};
			};
			buildConfigurationList = FC304DF51E70691B00D624DD /* Build configuration list for PBXProject "WebDeck2017" */;
			compatibilityVersion = "Xcode 3.2";
			developmentRegion = English;
			hasScannedForEncodings = 0;
			knownRegions = (
				en,
				Base,
			);
			mainGroup = FC304DF11E70691B00D624DD;
			productRefGroup = FC304DFB1E70691C00D624DD /* Products */;
			projectDirPath = "";
			projectRoot = "";
			targets = (
				FC304DF91E70691B00D624DD /* WebDeck2017 */,
				FC304E0D1E70691D00D624DD /* WebDeck2017Tests */,
				FC304E181E70691D00D624DD /* WebDeck2017UITests */,
			);
		};
/* End PBXProject section */

/* Begin PBXResourcesBuildPhase section */
		FC304DF81E70691B00D624DD /* Resources */ = {
			isa = PBXResourcesBuildPhase;
			buildActionMask = 2147483647;
			files = (
				FCE657011E75239400DE9D85 /* ContinueSignupViewController.swift in Resources */,
				FCE657021E75239400DE9D85 /* SignInViewController.swift in Resources */,
				FCE657031E75239400DE9D85 /* SignUpViewController.swift in Resources */,
				FCE657041E75239400DE9D85 /* HomepageViewController.swift in Resources */,
				FCE656F91E75238900DE9D85 /* WeissenhofGrotesk-Bold.otf in Resources */,
				FCE656FA1E75238900DE9D85 /* WeissenhofGrotesk-BoldItalic.otf in Resources */,
				FCE656FB1E75238900DE9D85 /* WeissenhofGrotesk-Light.otf in Resources */,
				FCE656FC1E75238900DE9D85 /* WeissenhofGrotesk-LightItalic.otf in Resources */,
				FCE656FD1E75238900DE9D85 /* WeissenhofGrotesk-Medium.otf in Resources */,
				FCE656FE1E75238900DE9D85 /* WeissenhofGrotesk-MediumItalic.otf in Resources */,
				FCE656FF1E75238900DE9D85 /* WeissenhofGrotesk-Regular.otf in Resources */,
				FCE657001E75238900DE9D85 /* WeissenhofGrotesk-RegularItalic.otf in Resources */,
				FC304E051E70691C00D624DD /* Assets.xcassets in Resources */,
				FCE656EF1E75221F00DE9D85 /* WDIcon-Large.png in Resources */,
				FC7BD7DA1E71BC1D000F33A6 /* LaunchScreen.storyboard in Resources */,
				FCE656F01E75221F00DE9D85 /* WDSlogan-Large.png in Resources */,
				FC304E031E70691C00D624DD /* Main.storyboard in Resources */,
			);
			runOnlyForDeploymentPostprocessing = 0;
		};
		FC304E0C1E70691D00D624DD /* Resources */ = {
			isa = PBXResourcesBuildPhase;
			buildActionMask = 2147483647;
			files = (
			);
			runOnlyForDeploymentPostprocessing = 0;
		};
		FC304E171E70691D00D624DD /* Resources */ = {
			isa = PBXResourcesBuildPhase;
			buildActionMask = 2147483647;
			files = (
			);
			runOnlyForDeploymentPostprocessing = 0;
		};
/* End PBXResourcesBuildPhase section */

/* Begin PBXShellScriptBuildPhase section */
		15920B132F0BDEA8D1CEF4EB /* [CP] Check Pods Manifest.lock */ = {
			isa = PBXShellScriptBuildPhase;
			buildActionMask = 2147483647;
			files = (
			);
			inputPaths = (
			);
			name = "[CP] Check Pods Manifest.lock";
			outputPaths = (
			);
			runOnlyForDeploymentPostprocessing = 0;
			shellPath = /bin/sh;
			shellScript = "diff \"${PODS_ROOT}/../Podfile.lock\" \"${PODS_ROOT}/Manifest.lock\" > /dev/null\nif [ $? != 0 ] ; then\n    # print error to STDERR\n    echo \"error: The sandbox is not in sync with the Podfile.lock. Run 'pod install' or update your CocoaPods installation.\" >&2\n    exit 1\nfi\n";
			showEnvVarsInLog = 0;
		};
		23FCF7268839CCBC15970E6D /* [CP] Embed Pods Frameworks */ = {
			isa = PBXShellScriptBuildPhase;
			buildActionMask = 2147483647;
			files = (
			);
			inputPaths = (
			);
			name = "[CP] Embed Pods Frameworks";
			outputPaths = (
			);
			runOnlyForDeploymentPostprocessing = 0;
			shellPath = /bin/sh;
			shellScript = "\"${SRCROOT}/Pods/Target Support Files/Pods-WebDeck2017Tests/Pods-WebDeck2017Tests-frameworks.sh\"\n";
			showEnvVarsInLog = 0;
		};
		452163324F5465FACDC890DE /* [CP] Embed Pods Frameworks */ = {
			isa = PBXShellScriptBuildPhase;
			buildActionMask = 2147483647;
			files = (
			);
			inputPaths = (
			);
			name = "[CP] Embed Pods Frameworks";
			outputPaths = (
			);
			runOnlyForDeploymentPostprocessing = 0;
			shellPath = /bin/sh;
			shellScript = "\"${SRCROOT}/Pods/Target Support Files/Pods-WebDeck2017UITests/Pods-WebDeck2017UITests-frameworks.sh\"\n";
			showEnvVarsInLog = 0;
		};
		494C4EDD3D07027D5A2C03C0 /* [CP] Embed Pods Frameworks */ = {
			isa = PBXShellScriptBuildPhase;
			buildActionMask = 2147483647;
			files = (
			);
			inputPaths = (
			);
			name = "[CP] Embed Pods Frameworks";
			outputPaths = (
			);
			runOnlyForDeploymentPostprocessing = 0;
			shellPath = /bin/sh;
			shellScript = "\"${SRCROOT}/Pods/Target Support Files/Pods-WebDeck2017/Pods-WebDeck2017-frameworks.sh\"\n";
			showEnvVarsInLog = 0;
		};
		4E5C519FC07024F42B6A0612 /* [CP] Check Pods Manifest.lock */ = {
			isa = PBXShellScriptBuildPhase;
			buildActionMask = 2147483647;
			files = (
			);
			inputPaths = (
			);
			name = "[CP] Check Pods Manifest.lock";
			outputPaths = (
			);
			runOnlyForDeploymentPostprocessing = 0;
			shellPath = /bin/sh;
			shellScript = "diff \"${PODS_ROOT}/../Podfile.lock\" \"${PODS_ROOT}/Manifest.lock\" > /dev/null\nif [ $? != 0 ] ; then\n    # print error to STDERR\n    echo \"error: The sandbox is not in sync with the Podfile.lock. Run 'pod install' or update your CocoaPods installation.\" >&2\n    exit 1\nfi\n";
			showEnvVarsInLog = 0;
		};
		5A4F9CC13D096DF894F50C3A /* [CP] Check Pods Manifest.lock */ = {
			isa = PBXShellScriptBuildPhase;
			buildActionMask = 2147483647;
			files = (
			);
			inputPaths = (
			);
			name = "[CP] Check Pods Manifest.lock";
			outputPaths = (
			);
			runOnlyForDeploymentPostprocessing = 0;
			shellPath = /bin/sh;
			shellScript = "diff \"${PODS_ROOT}/../Podfile.lock\" \"${PODS_ROOT}/Manifest.lock\" > /dev/null\nif [ $? != 0 ] ; then\n    # print error to STDERR\n    echo \"error: The sandbox is not in sync with the Podfile.lock. Run 'pod install' or update your CocoaPods installation.\" >&2\n    exit 1\nfi\n";
			showEnvVarsInLog = 0;
		};
		805E72E3C6F56E535FCAFB77 /* [CP] Copy Pods Resources */ = {
			isa = PBXShellScriptBuildPhase;
			buildActionMask = 2147483647;
			files = (
			);
			inputPaths = (
			);
			name = "[CP] Copy Pods Resources";
			outputPaths = (
			);
			runOnlyForDeploymentPostprocessing = 0;
			shellPath = /bin/sh;
			shellScript = "\"${SRCROOT}/Pods/Target Support Files/Pods-WebDeck2017Tests/Pods-WebDeck2017Tests-resources.sh\"\n";
			showEnvVarsInLog = 0;
		};
		AFDF557D2D7BACCEC9DF330D /* [CP] Copy Pods Resources */ = {
			isa = PBXShellScriptBuildPhase;
			buildActionMask = 2147483647;
			files = (
			);
			inputPaths = (
			);
			name = "[CP] Copy Pods Resources";
			outputPaths = (
			);
			runOnlyForDeploymentPostprocessing = 0;
			shellPath = /bin/sh;
			shellScript = "\"${SRCROOT}/Pods/Target Support Files/Pods-WebDeck2017/Pods-WebDeck2017-resources.sh\"\n";
			showEnvVarsInLog = 0;
		};
		E2B553F0D1A969D29895E34A /* [CP] Copy Pods Resources */ = {
			isa = PBXShellScriptBuildPhase;
			buildActionMask = 2147483647;
			files = (
			);
			inputPaths = (
			);
			name = "[CP] Copy Pods Resources";
			outputPaths = (
			);
			runOnlyForDeploymentPostprocessing = 0;
			shellPath = /bin/sh;
			shellScript = "\"${SRCROOT}/Pods/Target Support Files/Pods-WebDeck2017UITests/Pods-WebDeck2017UITests-resources.sh\"\n";
			showEnvVarsInLog = 0;
		};
		FCE002D11E71C1FF0096D231 /* ShellScript */ = {
			isa = PBXShellScriptBuildPhase;
			buildActionMask = 2147483647;
			files = (
			);
			inputPaths = (
			);
			outputPaths = (
			);
			runOnlyForDeploymentPostprocessing = 0;
			shellPath = /bin/sh;
			shellScript = "\"${PODS_ROOT}/Fabric/run\" be38b5cc74fdfdf5317aee1167c9e96eae7763c5 a5d283250e87d8306551aca9c2f348a77b6c063e1673d86f5ed1050c53b3274d";
		};
/* End PBXShellScriptBuildPhase section */

/* Begin PBXSourcesBuildPhase section */
		FC304DF61E70691B00D624DD /* Sources */ = {
			isa = PBXSourcesBuildPhase;
			buildActionMask = 2147483647;
			files = (
				FCE656EB1E75220E00DE9D85 /* SignInViewController.swift in Sources */,
				FCE656E61E75196800DE9D85 /* HomepageViewController.swift in Sources */,
				FCE656EA1E75220E00DE9D85 /* ContinueSignupViewController.swift in Sources */,
				FC304DFE1E70691C00D624DD /* AppDelegate.swift in Sources */,
				FCE656EC1E75220E00DE9D85 /* SignUpViewController.swift in Sources */,
			);
			runOnlyForDeploymentPostprocessing = 0;
		};
		FC304E0A1E70691D00D624DD /* Sources */ = {
			isa = PBXSourcesBuildPhase;
			buildActionMask = 2147483647;
			files = (
				FC304E131E70691D00D624DD /* WebDeck2017Tests.swift in Sources */,
			);
			runOnlyForDeploymentPostprocessing = 0;
		};
		FC304E151E70691D00D624DD /* Sources */ = {
			isa = PBXSourcesBuildPhase;
			buildActionMask = 2147483647;
			files = (
				FC304E1E1E70691D00D624DD /* WebDeck2017UITests.swift in Sources */,
			);
			runOnlyForDeploymentPostprocessing = 0;
		};
/* End PBXSourcesBuildPhase section */

/* Begin PBXTargetDependency section */
		FC304E101E70691D00D624DD /* PBXTargetDependency */ = {
			isa = PBXTargetDependency;
			target = FC304DF91E70691B00D624DD /* WebDeck2017 */;
			targetProxy = FC304E0F1E70691D00D624DD /* PBXContainerItemProxy */;
		};
		FC304E1B1E70691D00D624DD /* PBXTargetDependency */ = {
			isa = PBXTargetDependency;
			target = FC304DF91E70691B00D624DD /* WebDeck2017 */;
			targetProxy = FC304E1A1E70691D00D624DD /* PBXContainerItemProxy */;
		};
/* End PBXTargetDependency section */

/* Begin PBXVariantGroup section */
		FC304E011E70691C00D624DD /* Main.storyboard */ = {
			isa = PBXVariantGroup;
			children = (
				FC304E021E70691C00D624DD /* Base */,
			);
			name = Main.storyboard;
			sourceTree = "<group>";
		};
/* End PBXVariantGroup section */

/* Begin XCBuildConfiguration section */
		FC304E201E70691D00D624DD /* Debug */ = {
			isa = XCBuildConfiguration;
			buildSettings = {
				ALWAYS_SEARCH_USER_PATHS = NO;
				CLANG_ANALYZER_NONNULL = YES;
				CLANG_CXX_LANGUAGE_STANDARD = "gnu++0x";
				CLANG_CXX_LIBRARY = "libc++";
				CLANG_ENABLE_MODULES = YES;
				CLANG_ENABLE_OBJC_ARC = YES;
				CLANG_WARN_BOOL_CONVERSION = YES;
				CLANG_WARN_CONSTANT_CONVERSION = YES;
				CLANG_WARN_DIRECT_OBJC_ISA_USAGE = YES_ERROR;
				CLANG_WARN_DOCUMENTATION_COMMENTS = YES;
				CLANG_WARN_EMPTY_BODY = YES;
				CLANG_WARN_ENUM_CONVERSION = YES;
				CLANG_WARN_INFINITE_RECURSION = YES;
				CLANG_WARN_INT_CONVERSION = YES;
				CLANG_WARN_OBJC_ROOT_CLASS = YES_ERROR;
				CLANG_WARN_SUSPICIOUS_MOVE = YES;
				CLANG_WARN_UNREACHABLE_CODE = YES;
				CLANG_WARN__DUPLICATE_METHOD_MATCH = YES;
				"CODE_SIGN_IDENTITY[sdk=iphoneos*]" = "iPhone Developer";
				COPY_PHASE_STRIP = NO;
				DEBUG_INFORMATION_FORMAT = dwarf;
				ENABLE_STRICT_OBJC_MSGSEND = YES;
				ENABLE_TESTABILITY = YES;
				GCC_C_LANGUAGE_STANDARD = gnu99;
				GCC_DYNAMIC_NO_PIC = NO;
				GCC_NO_COMMON_BLOCKS = YES;
				GCC_OPTIMIZATION_LEVEL = 0;
				GCC_PREPROCESSOR_DEFINITIONS = (
					"DEBUG=1",
					"$(inherited)",
				);
				GCC_WARN_64_TO_32_BIT_CONVERSION = YES;
				GCC_WARN_ABOUT_RETURN_TYPE = YES_ERROR;
				GCC_WARN_UNDECLARED_SELECTOR = YES;
				GCC_WARN_UNINITIALIZED_AUTOS = YES_AGGRESSIVE;
				GCC_WARN_UNUSED_FUNCTION = YES;
				GCC_WARN_UNUSED_VARIABLE = YES;
				IPHONEOS_DEPLOYMENT_TARGET = 10.2;
				MTL_ENABLE_DEBUG_INFO = YES;
				ONLY_ACTIVE_ARCH = YES;
				SDKROOT = iphoneos;
				SWIFT_ACTIVE_COMPILATION_CONDITIONS = DEBUG;
				SWIFT_OPTIMIZATION_LEVEL = "-Onone";
			};
			name = Debug;
		};
		FC304E211E70691D00D624DD /* Release */ = {
			isa = XCBuildConfiguration;
			buildSettings = {
				ALWAYS_SEARCH_USER_PATHS = NO;
				CLANG_ANALYZER_NONNULL = YES;
				CLANG_CXX_LANGUAGE_STANDARD = "gnu++0x";
				CLANG_CXX_LIBRARY = "libc++";
				CLANG_ENABLE_MODULES = YES;
				CLANG_ENABLE_OBJC_ARC = YES;
				CLANG_WARN_BOOL_CONVERSION = YES;
				CLANG_WARN_CONSTANT_CONVERSION = YES;
				CLANG_WARN_DIRECT_OBJC_ISA_USAGE = YES_ERROR;
				CLANG_WARN_DOCUMENTATION_COMMENTS = YES;
				CLANG_WARN_EMPTY_BODY = YES;
				CLANG_WARN_ENUM_CONVERSION = YES;
				CLANG_WARN_INFINITE_RECURSION = YES;
				CLANG_WARN_INT_CONVERSION = YES;
				CLANG_WARN_OBJC_ROOT_CLASS = YES_ERROR;
				CLANG_WARN_SUSPICIOUS_MOVE = YES;
				CLANG_WARN_UNREACHABLE_CODE = YES;
				CLANG_WARN__DUPLICATE_METHOD_MATCH = YES;
				"CODE_SIGN_IDENTITY[sdk=iphoneos*]" = "iPhone Developer";
				COPY_PHASE_STRIP = NO;
				DEBUG_INFORMATION_FORMAT = "dwarf-with-dsym";
				ENABLE_NS_ASSERTIONS = NO;
				ENABLE_STRICT_OBJC_MSGSEND = YES;
				GCC_C_LANGUAGE_STANDARD = gnu99;
				GCC_NO_COMMON_BLOCKS = YES;
				GCC_WARN_64_TO_32_BIT_CONVERSION = YES;
				GCC_WARN_ABOUT_RETURN_TYPE = YES_ERROR;
				GCC_WARN_UNDECLARED_SELECTOR = YES;
				GCC_WARN_UNINITIALIZED_AUTOS = YES_AGGRESSIVE;
				GCC_WARN_UNUSED_FUNCTION = YES;
				GCC_WARN_UNUSED_VARIABLE = YES;
				IPHONEOS_DEPLOYMENT_TARGET = 10.2;
				MTL_ENABLE_DEBUG_INFO = NO;
				SDKROOT = iphoneos;
				SWIFT_OPTIMIZATION_LEVEL = "-Owholemodule";
				VALIDATE_PRODUCT = YES;
			};
			name = Release;
		};
		FC304E231E70691D00D624DD /* Debug */ = {
			isa = XCBuildConfiguration;
			baseConfigurationReference = A178E76B6B2B9BCA56E83719 /* Pods-WebDeck2017.debug.xcconfig */;
			buildSettings = {
				ALWAYS_EMBED_SWIFT_STANDARD_LIBRARIES = YES;
				ASSETCATALOG_COMPILER_APPICON_NAME = AppIcon;
				DEVELOPMENT_TEAM = CG8RAYC636;
				FRAMEWORK_SEARCH_PATHS = (
					"$(inherited)",
					"$(PROJECT_DIR)/WebDeck2017",
				);
				INFOPLIST_FILE = WebDeck2017/Info.plist;
				IPHONEOS_DEPLOYMENT_TARGET = 10.2;
				LD_RUNPATH_SEARCH_PATHS = "$(inherited) @executable_path/Frameworks";
				PRODUCT_BUNDLE_IDENTIFIER = com.webdeckco.WebDeck2017;
				PRODUCT_NAME = "$(TARGET_NAME)";
				SWIFT_VERSION = 3.0;
			};
			name = Debug;
		};
		FC304E241E70691D00D624DD /* Release */ = {
			isa = XCBuildConfiguration;
			baseConfigurationReference = 623597E741861E97A0B47A9A /* Pods-WebDeck2017.release.xcconfig */;
			buildSettings = {
				ALWAYS_EMBED_SWIFT_STANDARD_LIBRARIES = YES;
				ASSETCATALOG_COMPILER_APPICON_NAME = AppIcon;
				DEVELOPMENT_TEAM = CG8RAYC636;
				FRAMEWORK_SEARCH_PATHS = (
					"$(inherited)",
					"$(PROJECT_DIR)/WebDeck2017",
				);
				INFOPLIST_FILE = WebDeck2017/Info.plist;
				IPHONEOS_DEPLOYMENT_TARGET = 10.2;
				LD_RUNPATH_SEARCH_PATHS = "$(inherited) @executable_path/Frameworks";
				PRODUCT_BUNDLE_IDENTIFIER = com.webdeckco.WebDeck2017;
				PRODUCT_NAME = "$(TARGET_NAME)";
				SWIFT_VERSION = 3.0;
			};
			name = Release;
		};
		FC304E261E70691D00D624DD /* Debug */ = {
			isa = XCBuildConfiguration;
			baseConfigurationReference = 6DAFD1330C1817C6C0D20FB0 /* Pods-WebDeck2017Tests.debug.xcconfig */;
			buildSettings = {
				ALWAYS_EMBED_SWIFT_STANDARD_LIBRARIES = YES;
				BUNDLE_LOADER = "$(TEST_HOST)";
				DEVELOPMENT_TEAM = CG8RAYC636;
				INFOPLIST_FILE = WebDeck2017Tests/Info.plist;
				LD_RUNPATH_SEARCH_PATHS = "$(inherited) @executable_path/Frameworks @loader_path/Frameworks";
				PRODUCT_BUNDLE_IDENTIFIER = com.webdecko.WebDeck2017Tests;
				PRODUCT_NAME = "$(TARGET_NAME)";
				SWIFT_VERSION = 3.0;
				TEST_HOST = "$(BUILT_PRODUCTS_DIR)/WebDeck2017.app/WebDeck2017";
			};
			name = Debug;
		};
		FC304E271E70691D00D624DD /* Release */ = {
			isa = XCBuildConfiguration;
			baseConfigurationReference = FC886721C5F885D6F8E9C8A4 /* Pods-WebDeck2017Tests.release.xcconfig */;
			buildSettings = {
				ALWAYS_EMBED_SWIFT_STANDARD_LIBRARIES = YES;
				BUNDLE_LOADER = "$(TEST_HOST)";
				DEVELOPMENT_TEAM = CG8RAYC636;
				INFOPLIST_FILE = WebDeck2017Tests/Info.plist;
				LD_RUNPATH_SEARCH_PATHS = "$(inherited) @executable_path/Frameworks @loader_path/Frameworks";
				PRODUCT_BUNDLE_IDENTIFIER = com.webdecko.WebDeck2017Tests;
				PRODUCT_NAME = "$(TARGET_NAME)";
				SWIFT_VERSION = 3.0;
				TEST_HOST = "$(BUILT_PRODUCTS_DIR)/WebDeck2017.app/WebDeck2017";
			};
			name = Release;
		};
		FC304E291E70691D00D624DD /* Debug */ = {
			isa = XCBuildConfiguration;
			baseConfigurationReference = 90DDBA0B5E39310E9CAE4D4E /* Pods-WebDeck2017UITests.debug.xcconfig */;
			buildSettings = {
				ALWAYS_EMBED_SWIFT_STANDARD_LIBRARIES = YES;
				DEVELOPMENT_TEAM = CG8RAYC636;
				INFOPLIST_FILE = WebDeck2017UITests/Info.plist;
				LD_RUNPATH_SEARCH_PATHS = "$(inherited) @executable_path/Frameworks @loader_path/Frameworks";
				PRODUCT_BUNDLE_IDENTIFIER = com.webdecko.WebDeck2017UITests;
				PRODUCT_NAME = "$(TARGET_NAME)";
				SWIFT_VERSION = 3.0;
				TEST_TARGET_NAME = WebDeck2017;
			};
			name = Debug;
		};
		FC304E2A1E70691D00D624DD /* Release */ = {
			isa = XCBuildConfiguration;
			baseConfigurationReference = BFBDA9EE32FA85926D140EB7 /* Pods-WebDeck2017UITests.release.xcconfig */;
			buildSettings = {
				ALWAYS_EMBED_SWIFT_STANDARD_LIBRARIES = YES;
				DEVELOPMENT_TEAM = CG8RAYC636;
				INFOPLIST_FILE = WebDeck2017UITests/Info.plist;
				LD_RUNPATH_SEARCH_PATHS = "$(inherited) @executable_path/Frameworks @loader_path/Frameworks";
				PRODUCT_BUNDLE_IDENTIFIER = com.webdecko.WebDeck2017UITests;
				PRODUCT_NAME = "$(TARGET_NAME)";
				SWIFT_VERSION = 3.0;
				TEST_TARGET_NAME = WebDeck2017;
			};
			name = Release;
		};
/* End XCBuildConfiguration section */

/* Begin XCConfigurationList section */
		FC304DF51E70691B00D624DD /* Build configuration list for PBXProject "WebDeck2017" */ = {
			isa = XCConfigurationList;
			buildConfigurations = (
				FC304E201E70691D00D624DD /* Debug */,
				FC304E211E70691D00D624DD /* Release */,
			);
			defaultConfigurationIsVisible = 0;
			defaultConfigurationName = Release;
		};
		FC304E221E70691D00D624DD /* Build configuration list for PBXNativeTarget "WebDeck2017" */ = {
			isa = XCConfigurationList;
			buildConfigurations = (
				FC304E231E70691D00D624DD /* Debug */,
				FC304E241E70691D00D624DD /* Release */,
			);
			defaultConfigurationIsVisible = 0;
			defaultConfigurationName = Release;
		};
		FC304E251E70691D00D624DD /* Build configuration list for PBXNativeTarget "WebDeck2017Tests" */ = {
			isa = XCConfigurationList;
			buildConfigurations = (
				FC304E261E70691D00D624DD /* Debug */,
				FC304E271E70691D00D624DD /* Release */,
			);
			defaultConfigurationIsVisible = 0;
			defaultConfigurationName = Release;
		};
		FC304E281E70691D00D624DD /* Build configuration list for PBXNativeTarget "WebDeck2017UITests" */ = {
			isa = XCConfigurationList;
			buildConfigurations = (
				FC304E291E70691D00D624DD /* Debug */,
				FC304E2A1E70691D00D624DD /* Release */,
			);
			defaultConfigurationIsVisible = 0;
			defaultConfigurationName = Release;
		};
/* End XCConfigurationList section */
	};
	rootObject = FC304DF21E70691B00D624DD /* Project object */;
}
